// !$*UTF8*$!
{
	archiveVersion = 1;
	classes = {
	};
	objectVersion = 46;
	objects = {

/* Begin PBXBuildFile section */
		EF398AF71CB7D13E00112321 /* main.m in Sources */ = {isa = PBXBuildFile; fileRef = EF398AF61CB7D13E00112321 /* main.m */; };
		EF398AFA1CB7D13E00112321 /* AppDelegate.m in Sources */ = {isa = PBXBuildFile; fileRef = EF398AF91CB7D13E00112321 /* AppDelegate.m */; };
		EF398AFD1CB7D13E00112321 /* ViewController.m in Sources */ = {isa = PBXBuildFile; fileRef = EF398AFC1CB7D13E00112321 /* ViewController.m */; };
		EF398B001CB7D13E00112321 /* Main.storyboard in Resources */ = {isa = PBXBuildFile; fileRef = EF398AFE1CB7D13E00112321 /* Main.storyboard */; };
		EF398B021CB7D13E00112321 /* Assets.xcassets in Resources */ = {isa = PBXBuildFile; fileRef = EF398B011CB7D13E00112321 /* Assets.xcassets */; };
		EF398B051CB7D13E00112321 /* LaunchScreen.storyboard in Resources */ = {isa = PBXBuildFile; fileRef = EF398B031CB7D13E00112321 /* LaunchScreen.storyboard */; };
		EF398B0E1CB7D23100112321 /* SDAVAssetExportSession.m in Sources */ = {isa = PBXBuildFile; fileRef = EF398B0D1CB7D23100112321 /* SDAVAssetExportSession.m */; };
		EF398B101CB7D82C00112321 /* IMG_0420.m4v in Resources */ = {isa = PBXBuildFile; fileRef = EF398B0F1CB7D34400112321 /* IMG_0420.m4v */; };
/* End PBXBuildFile section */

/* Begin PBXFileReference section */
		EF398AF21CB7D13E00112321 /* WormVideoSizeTest.app */ = {isa = PBXFileReference; explicitFileType = wrapper.application; includeInIndex = 0; path = WormVideoSizeTest.app; sourceTree = BUILT_PRODUCTS_DIR; };
		EF398AF61CB7D13E00112321 /* main.m */ = {isa = PBXFileReference; lastKnownFileType = sourcecode.c.objc; path = main.m; sourceTree = "<group>"; };
		EF398AF81CB7D13E00112321 /* AppDelegate.h */ = {isa = PBXFileReference; lastKnownFileType = sourcecode.c.h; path = AppDelegate.h; sourceTree = "<group>"; };
		EF398AF91CB7D13E00112321 /* AppDelegate.m */ = {isa = PBXFileReference; lastKnownFileType = sourcecode.c.objc; path = AppDelegate.m; sourceTree = "<group>"; };
		EF398AFB1CB7D13E00112321 /* ViewController.h */ = {isa = PBXFileReference; lastKnownFileType = sourcecode.c.h; path = ViewController.h; sourceTree = "<group>"; };
		EF398AFC1CB7D13E00112321 /* ViewController.m */ = {isa = PBXFileReference; lastKnownFileType = sourcecode.c.objc; path = ViewController.m; sourceTree = "<group>"; };
		EF398AFF1CB7D13E00112321 /* Base */ = {isa = PBXFileReference; lastKnownFileType = file.storyboard; name = Base; path = Base.lproj/Main.storyboard; sourceTree = "<group>"; };
		EF398B011CB7D13E00112321 /* Assets.xcassets */ = {isa = PBXFileReference; lastKnownFileType = folder.assetcatalog; path = Assets.xcassets; sourceTree = "<group>"; };
		EF398B041CB7D13E00112321 /* Base */ = {isa = PBXFileReference; lastKnownFileType = file.storyboard; name = Base; path = Base.lproj/LaunchScreen.storyboard; sourceTree = "<group>"; };
		EF398B061CB7D13E00112321 /* Info.plist */ = {isa = PBXFileReference; lastKnownFileType = text.plist.xml; path = Info.plist; sourceTree = "<group>"; };
		EF398B0C1CB7D23100112321 /* SDAVAssetExportSession.h */ = {isa = PBXFileReference; fileEncoding = 4; lastKnownFileType = sourcecode.c.h; path = SDAVAssetExportSession.h; sourceTree = "<group>"; };
		EF398B0D1CB7D23100112321 /* SDAVAssetExportSession.m */ = {isa = PBXFileReference; fileEncoding = 4; lastKnownFileType = sourcecode.c.objc; path = SDAVAssetExportSession.m; sourceTree = "<group>"; };
		EF398B0F1CB7D34400112321 /* IMG_0420.m4v */ = {isa = PBXFileReference; lastKnownFileType = file; path = IMG_0420.m4v; sourceTree = "<group>"; };
/* End PBXFileReference section */

/* Begin PBXFrameworksBuildPhase section */
		EF398AEF1CB7D13E00112321 /* Frameworks */ = {
			isa = PBXFrameworksBuildPhase;
			buildActionMask = 2147483647;
			files = (
			);
			runOnlyForDeploymentPostprocessing = 0;
		};
/* End PBXFrameworksBuildPhase section */

/* Begin PBXGroup section */
		EF398AE91CB7D13E00112321 = {
			isa = PBXGroup;
			children = (
				EF398AF41CB7D13E00112321 /* WormVideoSizeTest */,
				EF398AF31CB7D13E00112321 /* Products */,
			);
			sourceTree = "<group>";
		};
		EF398AF31CB7D13E00112321 /* Products */ = {
			isa = PBXGroup;
			children = (
				EF398AF21CB7D13E00112321 /* WormVideoSizeTest.app */,
			);
			name = Products;
			sourceTree = "<group>";
		};
		EF398AF41CB7D13E00112321 /* WormVideoSizeTest */ = {
			isa = PBXGroup;
			children = (
				EF398B0F1CB7D34400112321 /* IMG_0420.m4v */,
				EF398B0C1CB7D23100112321 /* SDAVAssetExportSession.h */,
				EF398B0D1CB7D23100112321 /* SDAVAssetExportSession.m */,
				EF398AF81CB7D13E00112321 /* AppDelegate.h */,
				EF398AF91CB7D13E00112321 /* AppDelegate.m */,
				EF398AFB1CB7D13E00112321 /* ViewController.h */,
				EF398AFC1CB7D13E00112321 /* ViewController.m */,
				EF398AFE1CB7D13E00112321 /* Main.storyboard */,
				EF398B011CB7D13E00112321 /* Assets.xcassets */,
				EF398B031CB7D13E00112321 /* LaunchScreen.storyboard */,
				EF398B061CB7D13E00112321 /* Info.plist */,
				EF398AF51CB7D13E00112321 /* Supporting Files */,
			);
			path = WormVideoSizeTest;
			sourceTree = "<group>";
		};
		EF398AF51CB7D13E00112321 /* Supporting Files */ = {
			isa = PBXGroup;
			children = (
				EF398AF61CB7D13E00112321 /* main.m */,
			);
			name = "Supporting Files";
			sourceTree = "<group>";
		};
/* End PBXGroup section */

/* Begin PBXNativeTarget section */
		EF398AF11CB7D13E00112321 /* WormVideoSizeTest */ = {
			isa = PBXNativeTarget;
			buildConfigurationList = EF398B091CB7D13E00112321 /* Build configuration list for PBXNativeTarget "WormVideoSizeTest" */;
			buildPhases = (
				EF398AEE1CB7D13E00112321 /* Sources */,
				EF398AEF1CB7D13E00112321 /* Frameworks */,
				EF398AF01CB7D13E00112321 /* Resources */,
			);
			buildRules = (
			);
			dependencies = (
			);
			name = WormVideoSizeTest;
			productName = WormVideoSizeTest;
			productReference = EF398AF21CB7D13E00112321 /* WormVideoSizeTest.app */;
			productType = "com.apple.product-type.application";
		};
/* End PBXNativeTarget section */

/* Begin PBXProject section */
		EF398AEA1CB7D13E00112321 /* Project object */ = {
			isa = PBXProject;
			attributes = {
				LastUpgradeCheck = 0730;
				ORGANIZATIONNAME = Worm;
				TargetAttributes = {
					EF398AF11CB7D13E00112321 = {
						CreatedOnToolsVersion = 7.3;
					};
				};
			};
			buildConfigurationList = EF398AED1CB7D13E00112321 /* Build configuration list for PBXProject "WormVideoSizeTest" */;
			compatibilityVersion = "Xcode 3.2";
			developmentRegion = English;
			hasScannedForEncodings = 0;
			knownRegions = (
				en,
				Base,
			);
			mainGroup = EF398AE91CB7D13E00112321;
			productRefGroup = EF398AF31CB7D13E00112321 /* Products */;
			projectDirPath = "";
			projectRoot = "";
			targets = (
				EF398AF11CB7D13E00112321 /* WormVideoSizeTest */,
			);
		};
/* End PBXProject section */

/* Begin PBXResourcesBuildPhase section */
		EF398AF01CB7D13E00112321 /* Resources */ = {
			isa = PBXResourcesBuildPhase;
			buildActionMask = 2147483647;
			files = (
				EF398B051CB7D13E00112321 /* LaunchScreen.storyboard in Resources */,
				EF398B021CB7D13E00112321 /* Assets.xcassets in Resources */,
				EF398B001CB7D13E00112321 /* Main.storyboard in Resources */,
				EF398B101CB7D82C00112321 /* IMG_0420.m4v in Resources */,
			);
			runOnlyForDeploymentPostprocessing = 0;
		};
/* End PBXResourcesBuildPhase section */

/* Begin PBXSourcesBuildPhase section */
		EF398AEE1CB7D13E00112321 /* Sources */ = {
			isa = PBXSourcesBuildPhase;
			buildActionMask = 2147483647;
			files = (
				EF398AFD1CB7D13E00112321 /* ViewController.m in Sources */,
				EF398AFA1CB7D13E00112321 /* AppDelegate.m in Sources */,
				EF398AF71CB7D13E00112321 /* main.m in Sources */,
				EF398B0E1CB7D23100112321 /* SDAVAssetExportSession.m in Sources */,
			);
			runOnlyForDeploymentPostprocessing = 0;
		};
/* End PBXSourcesBuildPhase section */

/* Begin PBXVariantGroup section */
		EF398AFE1CB7D13E00112321 /* Main.storyboard */ = {
			isa = PBXVariantGroup;
			children = (
				EF398AFF1CB7D13E00112321 /* Base */,
			);
			name = Main.storyboard;
			sourceTree = "<group>";
		};
		EF398B031CB7D13E00112321 /* LaunchScreen.storyboard */ = {
			isa = PBXVariantGroup;
			children = (
				EF398B041CB7D13E00112321 /* Base */,
			);
			name = LaunchScreen.storyboard;
			sourceTree = "<group>";
		};
/* End PBXVariantGroup section */

/* Begin XCBuildConfiguration section */
		EF398B071CB7D13E00112321 /* Debug */ = {
			isa = XCBuildConfiguration;
			buildSettings = {
				ALWAYS_SEARCH_USER_PATHS = NO;
				CLANG_ANALYZER_NONNULL = YES;
				CLANG_CXX_LANGUAGE_STANDARD = "gnu++0x";
				CLANG_CXX_LIBRARY = "libc++";
				CLANG_ENABLE_MODULES = YES;
				CLANG_ENABLE_OBJC_ARC = YES;
				CLANG_WARN_BOOL_CONVERSION = YES;
				CLANG_WARN_CONSTANT_CONVERSION = YES;
				CLANG_WARN_DIRECT_OBJC_ISA_USAGE = YES_ERROR;
				CLANG_WARN_EMPTY_BODY = YES;
				CLANG_WARN_ENUM_CONVERSION = YES;
				CLANG_WARN_INT_CONVERSION = YES;
				CLANG_WARN_OBJC_ROOT_CLASS = YES_ERROR;
				CLANG_WARN_UNREACHABLE_CODE = YES;
				CLANG_WARN__DUPLICATE_METHOD_MATCH = YES;
				"CODE_SIGN_IDENTITY[sdk=iphoneos*]" = "iPhone Developer";
				COPY_PHASE_STRIP = NO;
				DEBUG_INFORMATION_FORMAT = dwarf;
				ENABLE_STRICT_OBJC_MSGSEND = YES;
				ENABLE_TESTABILITY = YES;
				GCC_C_LANGUAGE_STANDARD = gnu99;
				GCC_DYNAMIC_NO_PIC = NO;
				GCC_NO_COMMON_BLOCKS = YES;
				GCC_OPTIMIZATION_LEVEL = 0;
				GCC_PREPROCESSOR_DEFINITIONS = (
					"DEBUG=1",
					"$(inherited)",
				);
				GCC_WARN_64_TO_32_BIT_CONVERSION = YES;
				GCC_WARN_ABOUT_RETURN_TYPE = YES_ERROR;
				GCC_WARN_UNDECLARED_SELECTOR = YES;
				GCC_WARN_UNINITIALIZED_AUTOS = YES_AGGRESSIVE;
				GCC_WARN_UNUSED_FUNCTION = YES;
				GCC_WARN_UNUSED_VARIABLE = YES;
				IPHONEOS_DEPLOYMENT_TARGET = 9.3;
				MTL_ENABLE_DEBUG_INFO = YES;
				ONLY_ACTIVE_ARCH = YES;
				SDKROOT = iphoneos;
			};
			name = Debug;
		};
		EF398B081CB7D13E00112321 /* Release */ = {
			isa = XCBuildConfiguration;
			buildSettings = {
				ALWAYS_SEARCH_USER_PATHS = NO;
				CLANG_ANALYZER_NONNULL = YES;
				CLANG_CXX_LANGUAGE_STANDARD = "gnu++0x";
				CLANG_CXX_LIBRARY = "libc++";
				CLANG_ENABLE_MODULES = YES;
				CLANG_ENABLE_OBJC_ARC = YES;
				CLANG_WARN_BOOL_CONVERSION = YES;
				CLANG_WARN_CONSTANT_CONVERSION = YES;
				CLANG_WARN_DIRECT_OBJC_ISA_USAGE = YES_ERROR;
				CLANG_WARN_EMPTY_BODY = YES;
				CLANG_WARN_ENUM_CONVERSION = YES;
				CLANG_WARN_INT_CONVERSION = YES;
				CLANG_WARN_OBJC_ROOT_CLASS = YES_ERROR;
				CLANG_WARN_UNREACHABLE_CODE = YES;
				CLANG_WARN__DUPLICATE_METHOD_MATCH = YES;
				"CODE_SIGN_IDENTITY[sdk=iphoneos*]" = "iPhone Developer";
				COPY_PHASE_STRIP = NO;
				DEBUG_INFORMATION_FORMAT = "dwarf-with-dsym";
				ENABLE_NS_ASSERTIONS = NO;
				ENABLE_STRICT_OBJC_MSGSEND = YES;
				GCC_C_LANGUAGE_STANDARD = gnu99;
				GCC_NO_COMMON_BLOCKS = YES;
				GCC_WARN_64_TO_32_BIT_CONVERSION = YES;
				GCC_WARN_ABOUT_RETURN_TYPE = YES_ERROR;
				GCC_WARN_UNDECLARED_SELECTOR = YES;
				GCC_WARN_UNINITIALIZED_AUTOS = YES_AGGRESSIVE;
				GCC_WARN_UNUSED_FUNCTION = YES;
				GCC_WARN_UNUSED_VARIABLE = YES;
				IPHONEOS_DEPLOYMENT_TARGET = 9.3;
				MTL_ENABLE_DEBUG_INFO = NO;
				SDKROOT = iphoneos;
				VALIDATE_PRODUCT = YES;
			};
			name = Release;
		};
		EF398B0A1CB7D13E00112321 /* Debug */ = {
			isa = XCBuildConfiguration;
			buildSettings = {
				ASSETCATALOG_COMPILER_APPICON_NAME = AppIcon;
				INFOPLIST_FILE = WormVideoSizeTest/Info.plist;
				IPHONEOS_DEPLOYMENT_TARGET = 9.0;
				LD_RUNPATH_SEARCH_PATHS = "$(inherited) @executable_path/Frameworks";
				PRODUCT_BUNDLE_IDENTIFIER = co.wormapp.videosizetest.WormVideoSizeTest;
				PRODUCT_NAME = "$(TARGET_NAME)";
			};
			name = Debug;
		};
		EF398B0B1CB7D13E00112321 /* Release */ = {
			isa = XCBuildConfiguration;
			buildSettings = {
				ASSETCATALOG_COMPILER_APPICON_NAME = AppIcon;
				INFOPLIST_FILE = WormVideoSizeTest/Info.plist;
				IPHONEOS_DEPLOYMENT_TARGET = 9.0;
				LD_RUNPATH_SEARCH_PATHS = "$(inherited) @executable_path/Frameworks";
				PRODUCT_BUNDLE_IDENTIFIER = co.wormapp.videosizetest.WormVideoSizeTest;
				PRODUCT_NAME = "$(TARGET_NAME)";
			};
			name = Release;
		};
/* End XCBuildConfiguration section */

/* Begin XCConfigurationList section */
		EF398AED1CB7D13E00112321 /* Build configuration list for PBXProject "WormVideoSizeTest" */ = {
			isa = XCConfigurationList;
			buildConfigurations = (
				EF398B071CB7D13E00112321 /* Debug */,
				EF398B081CB7D13E00112321 /* Release */,
			);
			defaultConfigurationIsVisible = 0;
			defaultConfigurationName = Release;
		};
		EF398B091CB7D13E00112321 /* Build configuration list for PBXNativeTarget "WormVideoSizeTest" */ = {
			isa = XCConfigurationList;
			buildConfigurations = (
				EF398B0A1CB7D13E00112321 /* Debug */,
				EF398B0B1CB7D13E00112321 /* Release */,
			);
			defaultConfigurationIsVisible = 0;
			defaultConfigurationName = Release;
		};
/* End XCConfigurationList section */
	};
	rootObject = EF398AEA1CB7D13E00112321 /* Project object */;
}
